
Microsoft Visual Studio Solution File, Format Version 11.00
# Visual Studio 2010
Project("{FAE04EC0-301F-11D3-BF4B-00C04F79EFBC}") = "MuseEEGSetup", "Assembly-CSharp.csproj", "{18C3DE3B-FD79-EDD8-CF3C-8A57BFC917D5}"
EndProject
Project("{FAE04EC0-301F-11D3-BF4B-00C04F79EFBC}") = "MuseEEGSetup", "Assembly-CSharp-Editor.csproj", "{08EECAED-B83B-F1BD-00EB-B2F9381461D4}"
EndProject
Global
	GlobalSection(SolutionConfigurationPlatforms) = preSolution
		Debug|Any CPU = Debug|Any CPU
		Release|Any CPU = Release|Any CPU
	EndGlobalSection
	GlobalSection(ProjectConfigurationPlatforms) = postSolution
		{18C3DE3B-FD79-EDD8-CF3C-8A57BFC917D5}.Debug|Any CPU.ActiveCfg = Debug|Any CPU
		{18C3DE3B-FD79-EDD8-CF3C-8A57BFC917D5}.Debug|Any CPU.Build.0 = Debug|Any CPU
		{18C3DE3B-FD79-EDD8-CF3C-8A57BFC917D5}.Release|Any CPU.ActiveCfg = Release|Any CPU
		{18C3DE3B-FD79-EDD8-CF3C-8A57BFC917D5}.Release|Any CPU.Build.0 = Release|Any CPU
		{08EECAED-B83B-F1BD-00EB-B2F9381461D4}.Debug|Any CPU.ActiveCfg = Debug|Any CPU
		{08EECAED-B83B-F1BD-00EB-B2F9381461D4}.Debug|Any CPU.Build.0 = Debug|Any CPU
		{08EECAED-B83B-F1BD-00EB-B2F9381461D4}.Release|Any CPU.ActiveCfg = Release|Any CPU
		{08EECAED-B83B-F1BD-00EB-B2F9381461D4}.Release|Any CPU.Build.0 = Release|Any CPU
	EndGlobalSection
	GlobalSection(SolutionProperties) = preSolution
		HideSolutionNode = FALSE
	EndGlobalSection
	GlobalSection(MonoDevelopProperties) = preSolution
		StartupItem = Assembly-CSharp.csproj
	EndGlobalSection
EndGlobal
